
Microsoft Visual Studio Solution File, Format Version 12.00
# Visual Studio Version 16
VisualStudioVersion = 16.0.28803.352
MinimumVisualStudioVersion = 10.0.40219.1
Project("{9A19103F-16F7-4668-BE54-9A1E7A4F7556}") = "DockerizedTesting", "DockerizedTesting\DockerizedTesting.csproj", "{44BBCF04-01F1-4631-BD24-E43D188D651A}"
EndProject
Project("{9A19103F-16F7-4668-BE54-9A1E7A4F7556}") = "DockerizedTesting.Mongo", "DockerizedTesting.Mongo\DockerizedTesting.Mongo.csproj", "{9E9C4DB0-0810-42B7-8710-16D24CFDB041}"
EndProject
Project("{9A19103F-16F7-4668-BE54-9A1E7A4F7556}") = "DockerizedTesting.Mongo.Tests", "DockerizedTesting.Mongo.Tests\DockerizedTesting.Mongo.Tests.csproj", "{D831B22F-F199-4EDA-A5C0-63484B8FB847}"
EndProject
Project("{9A19103F-16F7-4668-BE54-9A1E7A4F7556}") = "DockerizedTesting.Redis", "DockerizedTesting.Redis\DockerizedTesting.Redis.csproj", "{EB268CB5-431A-4A4E-9000-B911FB73B213}"
EndProject
Project("{9A19103F-16F7-4668-BE54-9A1E7A4F7556}") = "DockerizedTesting.Redis.Tests", "DockerizedTesting.Redis.Tests\DockerizedTesting.Redis.Tests.csproj", "{B832D93B-3178-4F4A-BA23-7BF139D24D9B}"
EndProject
Project("{9A19103F-16F7-4668-BE54-9A1E7A4F7556}") = "DockerizedTesting.S3", "DockerizedTesting.S3\DockerizedTesting.S3.csproj", "{D9A13E20-6A78-4575-94EC-E1A92E112DD9}"
EndProject
Project("{9A19103F-16F7-4668-BE54-9A1E7A4F7556}") = "DockerizedTesting.S3.Tests", "DockerizedTesting.S3.Tests\DockerizedTesting.S3.Tests.csproj", "{30872449-0EC5-4733-B613-5E49C567ECFC}"
EndProject
Project("{9A19103F-16F7-4668-BE54-9A1E7A4F7556}") = "DockerizedTesting.Kafka", "DockerizedTesting.Kafka\DockerizedTesting.Kafka.csproj", "{632C228B-2067-4972-8DB5-FE6D2BB3F33E}"
EndProject
Project("{9A19103F-16F7-4668-BE54-9A1E7A4F7556}") = "DockerizedTesting.Kafka.Tests", "DockerizedTesting.Kafka.Tests\DockerizedTesting.Kafka.Tests.csproj", "{63E4FCFC-9DFD-4F1C-BDFC-D085E4D631C2}"
EndProject
Project("{9A19103F-16F7-4668-BE54-9A1E7A4F7556}") = "DockerizedTesting.MsSql", "DockerizedTesting.MsSql\DockerizedTesting.MsSql.csproj", "{1F401919-6F6A-483C-9DCC-BFED68D1E38E}"
EndProject
Project("{9A19103F-16F7-4668-BE54-9A1E7A4F7556}") = "DockerizedTesting.MsSql.Tests", "DockerizedTesting.MsSql.Tests\DockerizedTesting.MsSql.Tests.csproj", "{416A63D2-0DC0-4F7D-A838-C56589FA4E66}"
EndProject
Project("{2150E333-8FDC-42A3-9474-1A3956D46DE8}") = "Examples", "Examples", "{33350814-DE51-46C4-9CC0-076198C06450}"
EndProject
Project("{9A19103F-16F7-4668-BE54-9A1E7A4F7556}") = "DockerizedTesting.Tests", "DockerizedTesting.Tests\DockerizedTesting.Tests.csproj", "{1BF321E3-1D5F-4DD2-8549-743AD766CC07}"
EndProject
Project("{9A19103F-16F7-4668-BE54-9A1E7A4F7556}") = "ExampleProject", "Examples\ExampleProject\ExampleProject.csproj", "{AEFC966E-E929-4BDC-AC9F-259E640B9BCF}"
EndProject
Project("{00D1A9C2-B5F0-4AF3-8072-F6C62B433612}") = "ExampleDatabase", "Examples\ExampleDatabase\ExampleDatabase.sqlproj", "{BA430B1E-C7CB-4F10-95D2-8EDD88F7305F}"
EndProject
Project("{9A19103F-16F7-4668-BE54-9A1E7A4F7556}") = "ExampleProject.Tests", "Examples\ExampleProject.Tests\ExampleProject.Tests.csproj", "{9E56917C-8121-4341-A325-170689575373}"
EndProject
Project("{9A19103F-16F7-4668-BE54-9A1E7A4F7556}") = "ExampleDatabase.Tests", "Examples\ExampleDatabase.Tests\ExampleDatabase.Tests.csproj", "{9AF444D7-8A0D-4FD5-B599-35F5AC11DB4D}"
EndProject
Project("{9A19103F-16F7-4668-BE54-9A1E7A4F7556}") = "DockerizedTesting.RabbitMQ", "DockerizedTesting.RabbitMQ\DockerizedTesting.RabbitMQ.csproj", "{6C6B04FD-25F5-41EF-AF2C-2157C53679A7}"
EndProject
Project("{9A19103F-16F7-4668-BE54-9A1E7A4F7556}") = "DockerizedTesting.RabbitMQ.Tests", "DockerizedTesting.RabbitMQ.Tests\DockerizedTesting.RabbitMQ.Tests.csproj", "{D4BC5275-C599-44A1-962A-1F23A08BD49B}"
EndProject
Project("{9A19103F-16F7-4668-BE54-9A1E7A4F7556}") = "DockerizedTesting.Azurite", "DockerizedTesting.Azurite\DockerizedTesting.Azurite.csproj", "{624F6693-AF42-4509-88A6-34E2EE425622}"
EndProject
Project("{9A19103F-16F7-4668-BE54-9A1E7A4F7556}") = "DockerizedTesting.Azurite.Tests", "DockerizedTesting.Azurite.Tests\DockerizedTesting.Azurite.Tests.csproj", "{AA840F4D-D341-4CA8-B402-D4D947E5B78F}"
EndProject
Global
	GlobalSection(SolutionConfigurationPlatforms) = preSolution
		Debug|Any CPU = Debug|Any CPU
		Release|Any CPU = Release|Any CPU
	EndGlobalSection
	GlobalSection(ProjectConfigurationPlatforms) = postSolution
		{44BBCF04-01F1-4631-BD24-E43D188D651A}.Debug|Any CPU.ActiveCfg = Debug|Any CPU
		{44BBCF04-01F1-4631-BD24-E43D188D651A}.Debug|Any CPU.Build.0 = Debug|Any CPU
		{44BBCF04-01F1-4631-BD24-E43D188D651A}.Release|Any CPU.ActiveCfg = Release|Any CPU
		{44BBCF04-01F1-4631-BD24-E43D188D651A}.Release|Any CPU.Build.0 = Release|Any CPU
		{9E9C4DB0-0810-42B7-8710-16D24CFDB041}.Debug|Any CPU.ActiveCfg = Debug|Any CPU
		{9E9C4DB0-0810-42B7-8710-16D24CFDB041}.Debug|Any CPU.Build.0 = Debug|Any CPU
		{9E9C4DB0-0810-42B7-8710-16D24CFDB041}.Release|Any CPU.ActiveCfg = Release|Any CPU
		{9E9C4DB0-0810-42B7-8710-16D24CFDB041}.Release|Any CPU.Build.0 = Release|Any CPU
		{D831B22F-F199-4EDA-A5C0-63484B8FB847}.Debug|Any CPU.ActiveCfg = Debug|Any CPU
		{D831B22F-F199-4EDA-A5C0-63484B8FB847}.Debug|Any CPU.Build.0 = Debug|Any CPU
		{D831B22F-F199-4EDA-A5C0-63484B8FB847}.Release|Any CPU.ActiveCfg = Release|Any CPU
		{D831B22F-F199-4EDA-A5C0-63484B8FB847}.Release|Any CPU.Build.0 = Release|Any CPU
		{EB268CB5-431A-4A4E-9000-B911FB73B213}.Debug|Any CPU.ActiveCfg = Debug|Any CPU
		{EB268CB5-431A-4A4E-9000-B911FB73B213}.Debug|Any CPU.Build.0 = Debug|Any CPU
		{EB268CB5-431A-4A4E-9000-B911FB73B213}.Release|Any CPU.ActiveCfg = Release|Any CPU
		{EB268CB5-431A-4A4E-9000-B911FB73B213}.Release|Any CPU.Build.0 = Release|Any CPU
		{B832D93B-3178-4F4A-BA23-7BF139D24D9B}.Debug|Any CPU.ActiveCfg = Debug|Any CPU
		{B832D93B-3178-4F4A-BA23-7BF139D24D9B}.Debug|Any CPU.Build.0 = Debug|Any CPU
		{B832D93B-3178-4F4A-BA23-7BF139D24D9B}.Release|Any CPU.ActiveCfg = Release|Any CPU
		{B832D93B-3178-4F4A-BA23-7BF139D24D9B}.Release|Any CPU.Build.0 = Release|Any CPU
		{D9A13E20-6A78-4575-94EC-E1A92E112DD9}.Debug|Any CPU.ActiveCfg = Debug|Any CPU
		{D9A13E20-6A78-4575-94EC-E1A92E112DD9}.Debug|Any CPU.Build.0 = Debug|Any CPU
		{D9A13E20-6A78-4575-94EC-E1A92E112DD9}.Release|Any CPU.ActiveCfg = Release|Any CPU
		{D9A13E20-6A78-4575-94EC-E1A92E112DD9}.Release|Any CPU.Build.0 = Release|Any CPU
		{30872449-0EC5-4733-B613-5E49C567ECFC}.Debug|Any CPU.ActiveCfg = Debug|Any CPU
		{30872449-0EC5-4733-B613-5E49C567ECFC}.Debug|Any CPU.Build.0 = Debug|Any CPU
		{30872449-0EC5-4733-B613-5E49C567ECFC}.Release|Any CPU.ActiveCfg = Release|Any CPU
		{30872449-0EC5-4733-B613-5E49C567ECFC}.Release|Any CPU.Build.0 = Release|Any CPU
		{632C228B-2067-4972-8DB5-FE6D2BB3F33E}.Debug|Any CPU.ActiveCfg = Debug|Any CPU
		{632C228B-2067-4972-8DB5-FE6D2BB3F33E}.Debug|Any CPU.Build.0 = Debug|Any CPU
		{632C228B-2067-4972-8DB5-FE6D2BB3F33E}.Release|Any CPU.ActiveCfg = Release|Any CPU
		{632C228B-2067-4972-8DB5-FE6D2BB3F33E}.Release|Any CPU.Build.0 = Release|Any CPU
		{63E4FCFC-9DFD-4F1C-BDFC-D085E4D631C2}.Debug|Any CPU.ActiveCfg = Debug|Any CPU
		{63E4FCFC-9DFD-4F1C-BDFC-D085E4D631C2}.Debug|Any CPU.Build.0 = Debug|Any CPU
		{63E4FCFC-9DFD-4F1C-BDFC-D085E4D631C2}.Release|Any CPU.ActiveCfg = Release|Any CPU
		{63E4FCFC-9DFD-4F1C-BDFC-D085E4D631C2}.Release|Any CPU.Build.0 = Release|Any CPU
		{1F401919-6F6A-483C-9DCC-BFED68D1E38E}.Debug|Any CPU.ActiveCfg = Debug|Any CPU
		{1F401919-6F6A-483C-9DCC-BFED68D1E38E}.Debug|Any CPU.Build.0 = Debug|Any CPU
		{1F401919-6F6A-483C-9DCC-BFED68D1E38E}.Release|Any CPU.ActiveCfg = Release|Any CPU
		{1F401919-6F6A-483C-9DCC-BFED68D1E38E}.Release|Any CPU.Build.0 = Release|Any CPU
		{416A63D2-0DC0-4F7D-A838-C56589FA4E66}.Debug|Any CPU.ActiveCfg = Debug|Any CPU
		{416A63D2-0DC0-4F7D-A838-C56589FA4E66}.Debug|Any CPU.Build.0 = Debug|Any CPU
		{416A63D2-0DC0-4F7D-A838-C56589FA4E66}.Release|Any CPU.ActiveCfg = Release|Any CPU
		{416A63D2-0DC0-4F7D-A838-C56589FA4E66}.Release|Any CPU.Build.0 = Release|Any CPU
		{1BF321E3-1D5F-4DD2-8549-743AD766CC07}.Debug|Any CPU.ActiveCfg = Debug|Any CPU
		{1BF321E3-1D5F-4DD2-8549-743AD766CC07}.Debug|Any CPU.Build.0 = Debug|Any CPU
		{1BF321E3-1D5F-4DD2-8549-743AD766CC07}.Release|Any CPU.ActiveCfg = Release|Any CPU
		{1BF321E3-1D5F-4DD2-8549-743AD766CC07}.Release|Any CPU.Build.0 = Release|Any CPU
		{AEFC966E-E929-4BDC-AC9F-259E640B9BCF}.Debug|Any CPU.ActiveCfg = Debug|Any CPU
		{AEFC966E-E929-4BDC-AC9F-259E640B9BCF}.Debug|Any CPU.Build.0 = Debug|Any CPU
		{AEFC966E-E929-4BDC-AC9F-259E640B9BCF}.Release|Any CPU.ActiveCfg = Release|Any CPU
		{AEFC966E-E929-4BDC-AC9F-259E640B9BCF}.Release|Any CPU.Build.0 = Release|Any CPU
		{BA430B1E-C7CB-4F10-95D2-8EDD88F7305F}.Debug|Any CPU.ActiveCfg = Debug|Any CPU
		{BA430B1E-C7CB-4F10-95D2-8EDD88F7305F}.Debug|Any CPU.Build.0 = Debug|Any CPU
		{BA430B1E-C7CB-4F10-95D2-8EDD88F7305F}.Debug|Any CPU.Deploy.0 = Debug|Any CPU
		{BA430B1E-C7CB-4F10-95D2-8EDD88F7305F}.Release|Any CPU.ActiveCfg = Release|Any CPU
		{BA430B1E-C7CB-4F10-95D2-8EDD88F7305F}.Release|Any CPU.Build.0 = Release|Any CPU
		{BA430B1E-C7CB-4F10-95D2-8EDD88F7305F}.Release|Any CPU.Deploy.0 = Release|Any CPU
		{9E56917C-8121-4341-A325-170689575373}.Debug|Any CPU.ActiveCfg = Debug|Any CPU
		{9E56917C-8121-4341-A325-170689575373}.Debug|Any CPU.Build.0 = Debug|Any CPU
		{9E56917C-8121-4341-A325-170689575373}.Release|Any CPU.ActiveCfg = Release|Any CPU
		{9E56917C-8121-4341-A325-170689575373}.Release|Any CPU.Build.0 = Release|Any CPU
		{9AF444D7-8A0D-4FD5-B599-35F5AC11DB4D}.Debug|Any CPU.ActiveCfg = Debug|Any CPU
		{9AF444D7-8A0D-4FD5-B599-35F5AC11DB4D}.Debug|Any CPU.Build.0 = Debug|Any CPU
		{9AF444D7-8A0D-4FD5-B599-35F5AC11DB4D}.Release|Any CPU.ActiveCfg = Release|Any CPU
		{9AF444D7-8A0D-4FD5-B599-35F5AC11DB4D}.Release|Any CPU.Build.0 = Release|Any CPU
		{6C6B04FD-25F5-41EF-AF2C-2157C53679A7}.Debug|Any CPU.ActiveCfg = Debug|Any CPU
		{6C6B04FD-25F5-41EF-AF2C-2157C53679A7}.Debug|Any CPU.Build.0 = Debug|Any CPU
		{6C6B04FD-25F5-41EF-AF2C-2157C53679A7}.Release|Any CPU.ActiveCfg = Release|Any CPU
		{6C6B04FD-25F5-41EF-AF2C-2157C53679A7}.Release|Any CPU.Build.0 = Release|Any CPU
		{D4BC5275-C599-44A1-962A-1F23A08BD49B}.Debug|Any CPU.ActiveCfg = Debug|Any CPU
		{D4BC5275-C599-44A1-962A-1F23A08BD49B}.Debug|Any CPU.Build.0 = Debug|Any CPU
		{D4BC5275-C599-44A1-962A-1F23A08BD49B}.Release|Any CPU.ActiveCfg = Release|Any CPU
		{D4BC5275-C599-44A1-962A-1F23A08BD49B}.Release|Any CPU.Build.0 = Release|Any CPU
		{624F6693-AF42-4509-88A6-34E2EE425622}.Debug|Any CPU.ActiveCfg = Debug|Any CPU
		{624F6693-AF42-4509-88A6-34E2EE425622}.Debug|Any CPU.Build.0 = Debug|Any CPU
		{624F6693-AF42-4509-88A6-34E2EE425622}.Release|Any CPU.ActiveCfg = Release|Any CPU
		{624F6693-AF42-4509-88A6-34E2EE425622}.Release|Any CPU.Build.0 = Release|Any CPU
		{AA840F4D-D341-4CA8-B402-D4D947E5B78F}.Debug|Any CPU.ActiveCfg = Debug|Any CPU
		{AA840F4D-D341-4CA8-B402-D4D947E5B78F}.Debug|Any CPU.Build.0 = Debug|Any CPU
		{AA840F4D-D341-4CA8-B402-D4D947E5B78F}.Release|Any CPU.ActiveCfg = Release|Any CPU
		{AA840F4D-D341-4CA8-B402-D4D947E5B78F}.Release|Any CPU.Build.0 = Release|Any CPU
	EndGlobalSection
	GlobalSection(SolutionProperties) = preSolution
		HideSolutionNode = FALSE
	EndGlobalSection
	GlobalSection(NestedProjects) = preSolution
		{AEFC966E-E929-4BDC-AC9F-259E640B9BCF} = {33350814-DE51-46C4-9CC0-076198C06450}
		{BA430B1E-C7CB-4F10-95D2-8EDD88F7305F} = {33350814-DE51-46C4-9CC0-076198C06450}
		{9E56917C-8121-4341-A325-170689575373} = {33350814-DE51-46C4-9CC0-076198C06450}
		{9AF444D7-8A0D-4FD5-B599-35F5AC11DB4D} = {33350814-DE51-46C4-9CC0-076198C06450}
	EndGlobalSection
	GlobalSection(ExtensibilityGlobals) = postSolution
		SolutionGuid = {B0D1E3D6-60C7-4A22-8DDD-EF815A405027}
	EndGlobalSection
EndGlobal
